
Microsoft Visual Studio Solution File, Format Version 12.00
# Visual Studio 2012
Project("{8BC9CEB8-8B4A-11D0-8D11-00A0C91BC942}") = "pe_injection", "pe_injection\pe_injection.vcxproj", "{4330F4A0-F1C1-40A2-A196-6C1ABA42B4EF}"
EndProject
Global
	GlobalSection(SolutionConfigurationPlatforms) = preSolution
		Debug|Win32 = Debug|Win32
		Release|Win32 = Release|Win32
	EndGlobalSection
	GlobalSection(ProjectConfigurationPlatforms) = postSolution
		{4330F4A0-F1C1-40A2-A196-6C1ABA42B4EF}.Debug|Win32.ActiveCfg = Debug|Win32
		{4330F4A0-F1C1-40A2-A196-6C1ABA42B4EF}.Debug|Win32.Build.0 = Debug|Win32
		{4330F4A0-F1C1-40A2-A196-6C1ABA42B4EF}.Release|Win32.ActiveCfg = Release|Win32
		{4330F4A0-F1C1-40A2-A196-6C1ABA42B4EF}.Release|Win32.Build.0 = Release|Win32
	EndGlobalSection
	GlobalSection(SolutionProperties) = preSolution
		HideSolutionNode = FALSE
	EndGlobalSection
EndGlobal
